
Microsoft Visual Studio Solution File, Format Version 12.00
Project("{FAE04EC0-301F-11D3-BF4B-00C04F79EFBC}") = "Engine", "Engine\Engine.csproj", "{3FC575F0-2929-4221-8174-69B6CA9E278A}"
EndProject
Project("{FAE04EC0-301F-11D3-BF4B-00C04F79EFBC}") = "Engine.Tests", "Engine.Tests\Engine.Tests.csproj", "{638CF925-EFDA-47B9-B3D4-EC6FDED4EF3F}"
EndProject
Project("{FAE04EC0-301F-11D3-BF4B-00C04F79EFBC}") = "UI", "UI\UI.csproj", "{53D96A55-008D-4C85-B424-4F1F859B2560}"
EndProject
Project("{FAE04EC0-301F-11D3-BF4B-00C04F79EFBC}") = "Engine.Storage", "Engine.Storage\Engine.Storage.csproj", "{6D65867B-A066-4957-BBD3-517FF6D079D2}"
EndProject
Project("{FAE04EC0-301F-11D3-BF4B-00C04F79EFBC}") = "Engine.Storage.Tests", "Engine.Storage.Tests\Engine.Storage.Tests.csproj", "{F421C7FD-F640-4287-AC15-D0AE9127D952}"
EndProject
Global
	GlobalSection(SolutionConfigurationPlatforms) = preSolution
		Debug|Any CPU = Debug|Any CPU
		Release|Any CPU = Release|Any CPU
	EndGlobalSection
	GlobalSection(ProjectConfigurationPlatforms) = postSolution
		{3FC575F0-2929-4221-8174-69B6CA9E278A}.Debug|Any CPU.ActiveCfg = Debug|Any CPU
		{3FC575F0-2929-4221-8174-69B6CA9E278A}.Debug|Any CPU.Build.0 = Debug|Any CPU
		{3FC575F0-2929-4221-8174-69B6CA9E278A}.Release|Any CPU.ActiveCfg = Release|Any CPU
		{3FC575F0-2929-4221-8174-69B6CA9E278A}.Release|Any CPU.Build.0 = Release|Any CPU
		{638CF925-EFDA-47B9-B3D4-EC6FDED4EF3F}.Debug|Any CPU.ActiveCfg = Debug|Any CPU
		{638CF925-EFDA-47B9-B3D4-EC6FDED4EF3F}.Debug|Any CPU.Build.0 = Debug|Any CPU
		{638CF925-EFDA-47B9-B3D4-EC6FDED4EF3F}.Release|Any CPU.ActiveCfg = Release|Any CPU
		{638CF925-EFDA-47B9-B3D4-EC6FDED4EF3F}.Release|Any CPU.Build.0 = Release|Any CPU
		{53D96A55-008D-4C85-B424-4F1F859B2560}.Debug|Any CPU.ActiveCfg = Debug|Any CPU
		{53D96A55-008D-4C85-B424-4F1F859B2560}.Debug|Any CPU.Build.0 = Debug|Any CPU
		{53D96A55-008D-4C85-B424-4F1F859B2560}.Release|Any CPU.ActiveCfg = Release|Any CPU
		{53D96A55-008D-4C85-B424-4F1F859B2560}.Release|Any CPU.Build.0 = Release|Any CPU
		{6D65867B-A066-4957-BBD3-517FF6D079D2}.Debug|Any CPU.ActiveCfg = Debug|Any CPU
		{6D65867B-A066-4957-BBD3-517FF6D079D2}.Debug|Any CPU.Build.0 = Debug|Any CPU
		{6D65867B-A066-4957-BBD3-517FF6D079D2}.Release|Any CPU.ActiveCfg = Release|Any CPU
		{6D65867B-A066-4957-BBD3-517FF6D079D2}.Release|Any CPU.Build.0 = Release|Any CPU
		{F421C7FD-F640-4287-AC15-D0AE9127D952}.Debug|Any CPU.ActiveCfg = Debug|Any CPU
		{F421C7FD-F640-4287-AC15-D0AE9127D952}.Debug|Any CPU.Build.0 = Debug|Any CPU
		{F421C7FD-F640-4287-AC15-D0AE9127D952}.Release|Any CPU.ActiveCfg = Release|Any CPU
		{F421C7FD-F640-4287-AC15-D0AE9127D952}.Release|Any CPU.Build.0 = Release|Any CPU
	EndGlobalSection
EndGlobal
